
Microsoft Visual Studio Solution File, Format Version 12.00
# Visual Studio 14
VisualStudioVersion = 14.0.23107.0
MinimumVisualStudioVersion = 10.0.40219.1
Project("{FAE04EC0-301F-11D3-BF4B-00C04F79EFBC}") = "GeometryDemo", "GeometryDemo.csproj", "{97404C8A-A90C-48D6-985F-7C11DB8769A1}"
EndProject
Project("{FAE04EC0-301F-11D3-BF4B-00C04F79EFBC}") = "Cession.Geometries", "..\..\Geometries\src\Cession.Geometries\Cession.Geometries.csproj", "{0B25DDCE-3544-4F46-B6E5-88A605A28615}"
EndProject
Project("{FAE04EC0-301F-11D3-BF4B-00C04F79EFBC}") = "GeometryTest", "..\..\Geometries\src\GeometryTest\GeometryTest.csproj", "{32356672-0D73-4901-B006-DDF8AC71425D}"
EndProject
Global
	GlobalSection(SolutionConfigurationPlatforms) = preSolution
		Debug|Any CPU = Debug|Any CPU
		Release|Any CPU = Release|Any CPU
	EndGlobalSection
	GlobalSection(ProjectConfigurationPlatforms) = postSolution
		{97404C8A-A90C-48D6-985F-7C11DB8769A1}.Debug|Any CPU.ActiveCfg = Debug|Any CPU
		{97404C8A-A90C-48D6-985F-7C11DB8769A1}.Debug|Any CPU.Build.0 = Debug|Any CPU
		{97404C8A-A90C-48D6-985F-7C11DB8769A1}.Release|Any CPU.ActiveCfg = Release|Any CPU
		{97404C8A-A90C-48D6-985F-7C11DB8769A1}.Release|Any CPU.Build.0 = Release|Any CPU
		{0B25DDCE-3544-4F46-B6E5-88A605A28615}.Debug|Any CPU.ActiveCfg = Debug|Any CPU
		{0B25DDCE-3544-4F46-B6E5-88A605A28615}.Debug|Any CPU.Build.0 = Debug|Any CPU
		{0B25DDCE-3544-4F46-B6E5-88A605A28615}.Release|Any CPU.ActiveCfg = Release|Any CPU
		{0B25DDCE-3544-4F46-B6E5-88A605A28615}.Release|Any CPU.Build.0 = Release|Any CPU
		{32356672-0D73-4901-B006-DDF8AC71425D}.Debug|Any CPU.ActiveCfg = Debug|Any CPU
		{32356672-0D73-4901-B006-DDF8AC71425D}.Debug|Any CPU.Build.0 = Debug|Any CPU
		{32356672-0D73-4901-B006-DDF8AC71425D}.Release|Any CPU.ActiveCfg = Release|Any CPU
		{32356672-0D73-4901-B006-DDF8AC71425D}.Release|Any CPU.Build.0 = Release|Any CPU
	EndGlobalSection
	GlobalSection(SolutionProperties) = preSolution
		HideSolutionNode = FALSE
	EndGlobalSection
EndGlobal
